
Microsoft Visual Studio Solution File, Format Version 12.00
# Visual Studio Version 16
VisualStudioVersion = 16.0.32002.261
MinimumVisualStudioVersion = 10.0.40219.1
Project("{151D2E53-A2C4-4D7D-83FE-D05416EBD58E}") = "Logic-apps 2019", "Logic-apps 2019.deployproj", "{D67E0470-5EF7-4890-B266-205E4062C8C8}"
EndProject
Global
	GlobalSection(SolutionConfigurationPlatforms) = preSolution
		Debug|Any CPU = Debug|Any CPU
		Release|Any CPU = Release|Any CPU
	EndGlobalSection
	GlobalSection(ProjectConfigurationPlatforms) = postSolution
		{D67E0470-5EF7-4890-B266-205E4062C8C8}.Debug|Any CPU.ActiveCfg = Debug|Any CPU
		{D67E0470-5EF7-4890-B266-205E4062C8C8}.Debug|Any CPU.Build.0 = Debug|Any CPU
		{D67E0470-5EF7-4890-B266-205E4062C8C8}.Release|Any CPU.ActiveCfg = Release|Any CPU
		{D67E0470-5EF7-4890-B266-205E4062C8C8}.Release|Any CPU.Build.0 = Release|Any CPU
	EndGlobalSection
	GlobalSection(SolutionProperties) = preSolution
		HideSolutionNode = FALSE
	EndGlobalSection
	GlobalSection(ExtensibilityGlobals) = postSolution
		SolutionGuid = {7AA05398-ABA6-4CCF-812F-740D2BA45886}
	EndGlobalSection
EndGlobal
